
Microsoft Visual Studio Solution File, Format Version 12.00
# Visual Studio Version 16
VisualStudioVersion = 16.0.34931.43
MinimumVisualStudioVersion = 10.0.40219.1
Project("{FAE04EC0-301F-11D3-BF4B-00C04F79EFBC}") = "Snake_FilimonovaPleshkova", "Snake_FilimonovaPleshkova.csproj", "{3E80BE1D-45A2-43CE-8BE1-017F52BAFA96}"
EndProject
Project("{FAE04EC0-301F-11D3-BF4B-00C04F79EFBC}") = "Common", "..\Common\Common.csproj", "{8690B67B-A056-48CC-BD09-F31D5BE78966}"
EndProject
Global
	GlobalSection(SolutionConfigurationPlatforms) = preSolution
		Debug|Any CPU = Debug|Any CPU
		Release|Any CPU = Release|Any CPU
	EndGlobalSection
	GlobalSection(ProjectConfigurationPlatforms) = postSolution
		{3E80BE1D-45A2-43CE-8BE1-017F52BAFA96}.Debug|Any CPU.ActiveCfg = Debug|Any CPU
		{3E80BE1D-45A2-43CE-8BE1-017F52BAFA96}.Debug|Any CPU.Build.0 = Debug|Any CPU
		{3E80BE1D-45A2-43CE-8BE1-017F52BAFA96}.Release|Any CPU.ActiveCfg = Release|Any CPU
		{3E80BE1D-45A2-43CE-8BE1-017F52BAFA96}.Release|Any CPU.Build.0 = Release|Any CPU
		{8690B67B-A056-48CC-BD09-F31D5BE78966}.Debug|Any CPU.ActiveCfg = Debug|Any CPU
		{8690B67B-A056-48CC-BD09-F31D5BE78966}.Debug|Any CPU.Build.0 = Debug|Any CPU
		{8690B67B-A056-48CC-BD09-F31D5BE78966}.Release|Any CPU.ActiveCfg = Release|Any CPU
		{8690B67B-A056-48CC-BD09-F31D5BE78966}.Release|Any CPU.Build.0 = Release|Any CPU
	EndGlobalSection
	GlobalSection(SolutionProperties) = preSolution
		HideSolutionNode = FALSE
	EndGlobalSection
	GlobalSection(ExtensibilityGlobals) = postSolution
		SolutionGuid = {816FE1CE-3971-4E30-9241-CF872DB9EC9E}
	EndGlobalSection
EndGlobal
